
Microsoft Visual Studio Solution File, Format Version 12.00
# Visual Studio Version 17
VisualStudioVersion = 17.0.32112.339
MinimumVisualStudioVersion = 10.0.40219.1
Project("{8BC9CEB8-8B4A-11D0-8D11-00A0C91BC942}") = "BOJ_23825", "BOJ_23825.vcxproj", "{F4AA0F23-D8DA-49D8-9ECD-3BD7C9F77F80}"
EndProject
Global
	GlobalSection(SolutionConfigurationPlatforms) = preSolution
		Debug|x64 = Debug|x64
		Release|x64 = Release|x64
	EndGlobalSection
	GlobalSection(ProjectConfigurationPlatforms) = postSolution
		{F4AA0F23-D8DA-49D8-9ECD-3BD7C9F77F80}.Debug|x64.ActiveCfg = Debug|x64
		{F4AA0F23-D8DA-49D8-9ECD-3BD7C9F77F80}.Debug|x64.Build.0 = Debug|x64
		{F4AA0F23-D8DA-49D8-9ECD-3BD7C9F77F80}.Release|x64.ActiveCfg = Release|x64
		{F4AA0F23-D8DA-49D8-9ECD-3BD7C9F77F80}.Release|x64.Build.0 = Release|x64
	EndGlobalSection
	GlobalSection(SolutionProperties) = preSolution
		HideSolutionNode = FALSE
	EndGlobalSection
	GlobalSection(ExtensibilityGlobals) = postSolution
		SolutionGuid = {BA88CEE1-2B9F-4687-9769-F65102EF9DB5}
	EndGlobalSection
EndGlobal
